%{
  "cldr_utils": {:hex, :cldr_utils, "2.2.0", "4f6ac090fc1871037ac41265c98bf0f785b2a4ede144dd2a5282986a5311dd14", [:mix], [{:decimal, "~> 1.5", [hex: :decimal, repo: "hexpm", optional: false]}], "hexpm"},
  "decimal": {:hex, :decimal, "1.7.0", "30d6b52c88541f9a66637359ddf85016df9eb266170d53105f02e4a67e00c5aa", [:mix], [], "hexpm"},
  "ex_cldr": {:hex, :ex_cldr, "2.7.1", "d03f2b3d901b360d7a8b40c3edfad24760a54cb9a23c146822e7e8d91130f55d", [:mix], [{:cldr_utils, "~> 2.1", [hex: :cldr_utils, repo: "hexpm", optional: false]}, {:decimal, "~> 1.5", [hex: :decimal, repo: "hexpm", optional: false]}, {:gettext, "~> 0.13", [hex: :gettext, repo: "hexpm", optional: true]}, {:jason, "~> 1.0", [hex: :jason, repo: "hexpm", optional: true]}, {:nimble_parsec, "~> 0.5", [hex: :nimble_parsec, repo: "hexpm", optional: false]}, {:plug, "~> 1.4", [hex: :plug, repo: "hexpm", optional: true]}, {:telemetry, "~> 0.4.0", [hex: :telemetry, repo: "hexpm", optional: true]}], "hexpm"},
  "ex_cldr_calendars": {:hex, :ex_cldr_calendars, "0.9.0", "59916b6e7033a68ed9178cd93e904cef8e6d0b5ce98d9ec0f94fbf3349df9798", [:mix], [{:cldr_utils, "~> 2.2.0", [hex: :cldr_utils, repo: "hexpm", optional: false]}, {:ex_cldr, "~> 2.6", [hex: :ex_cldr, repo: "hexpm", optional: false]}, {:jason, "~> 1.0", [hex: :jason, repo: "hexpm", optional: false]}], "hexpm"},
  "ex_cldr_currencies": {:hex, :ex_cldr_currencies, "2.3.0", "bffae489416b8b05d4683403263f5d62aae17de70c24ff915a533541fea514de", [:mix], [{:ex_cldr, "~> 2.6", [hex: :ex_cldr, repo: "hexpm", optional: false]}, {:jason, "~> 1.0", [hex: :jason, repo: "hexpm", optional: true]}], "hexpm"},
  "ex_cldr_dates_times": {:hex, :ex_cldr_dates_times, "2.0.1", "acb8a11748b5e7f8191ad260dad94c8aac2ae6b770c769c542f0245739f36b5b", [:mix], [{:ex_cldr, "~> 2.6", [hex: :ex_cldr, repo: "hexpm", optional: false]}, {:ex_cldr_calendars, "~> 0.9", [hex: :ex_cldr_calendars, repo: "hexpm", optional: false]}, {:ex_cldr_numbers, "~> 2.6", [hex: :ex_cldr_numbers, repo: "hexpm", optional: false]}, {:jason, "~> 1.0", [hex: :jason, repo: "hexpm", optional: true]}], "hexpm"},
  "ex_cldr_lists": {:hex, :ex_cldr_lists, "2.2.0", "b99f8752d098fc6ba5f083bbd0b25d0d01e36b0042155cf6abd5f205306ba849", [:mix], [{:ex_cldr, "~> 2.6", [hex: :ex_cldr, repo: "hexpm", optional: false]}, {:ex_cldr_numbers, "~> 2.6", [hex: :ex_cldr_numbers, repo: "hexpm", optional: false]}, {:jason, "~> 1.0", [hex: :jason, repo: "hexpm", optional: true]}], "hexpm"},
  "ex_cldr_numbers": {:hex, :ex_cldr_numbers, "2.6.1", "ffdaa06f6b39ab5bf53bed67c8df2ec54d3a2cee1057bedfc19ba7bbf7d3b00c", [:mix], [{:decimal, "~> 1.5", [hex: :decimal, repo: "hexpm", optional: false]}, {:ex_cldr, "~> 2.6", [hex: :ex_cldr, repo: "hexpm", optional: false]}, {:ex_cldr_currencies, "~> 2.3", [hex: :ex_cldr_currencies, repo: "hexpm", optional: false]}, {:jason, "~> 1.0", [hex: :jason, repo: "hexpm", optional: true]}], "hexpm"},
  "ex_cldr_units": {:hex, :ex_cldr_units, "2.5.0", "6db763eb67705faa99501c1bc3aa54d777578c83a373b9e89660b613e5dc8ae4", [:mix], [{:ex_cldr, "~> 2.6", [hex: :ex_cldr, repo: "hexpm", optional: false]}, {:ex_cldr_lists, "~> 2.2", [hex: :ex_cldr_lists, repo: "hexpm", optional: false]}, {:ex_cldr_numbers, "~> 2.6", [hex: :ex_cldr_numbers, repo: "hexpm", optional: false]}, {:jason, "~> 1.0", [hex: :jason, repo: "hexpm", optional: true]}], "hexpm"},
  "ex_money": {:hex, :ex_money, "3.4.4", "8fbcf69fce3c9ccf261456c0aeb7b3d9f621f9ce20ecd522ab8beccba269c415", [:mix], [{:decimal, "~> 1.5", [hex: :decimal, repo: "hexpm", optional: false]}, {:ecto_sql, "~> 3.0", [hex: :ecto_sql, repo: "hexpm", optional: true]}, {:ex_cldr, "~> 2.6", [hex: :ex_cldr, repo: "hexpm", optional: false]}, {:ex_cldr_numbers, "~> 2.6", [hex: :ex_cldr_numbers, repo: "hexpm", optional: false]}, {:jason, "~> 1.0", [hex: :jason, repo: "hexpm", optional: true]}, {:phoenix_html, "~> 2.0", [hex: :phoenix_html, repo: "hexpm", optional: true]}], "hexpm"},
  "jason": {:hex, :jason, "1.1.2", "b03dedea67a99223a2eaf9f1264ce37154564de899fd3d8b9a21b1a6fd64afe7", [:mix], [{:decimal, "~> 1.0", [hex: :decimal, repo: "hexpm", optional: true]}], "hexpm"},
  "nimble_parsec": {:hex, :nimble_parsec, "0.5.0", "90e2eca3d0266e5c53f8fbe0079694740b9c91b6747f2b7e3c5d21966bba8300", [:mix], [], "hexpm"},
}
